
Microsoft Visual Studio Solution File, Format Version 11.00
# Visual Studio 2010
Project("{FAE04EC0-301F-11D3-BF4B-00C04F79EFBC}") = "iap_201710p5", "Assembly-CSharp-firstpass.csproj", "{C9320B9C-618F-4759-0D9F-D5D598A0EDC0}"
EndProject
Project("{FAE04EC0-301F-11D3-BF4B-00C04F79EFBC}") = "iap_201710p5", "Assembly-CSharp-Editor-firstpass.csproj", "{3618101D-D11A-FB85-C26E-92DCF2960AC2}"
EndProject
Global
	GlobalSection(SolutionConfigurationPlatforms) = preSolution
		Debug|Any CPU = Debug|Any CPU
		Release|Any CPU = Release|Any CPU
	EndGlobalSection
	GlobalSection(ProjectConfigurationPlatforms) = postSolution
		{C9320B9C-618F-4759-0D9F-D5D598A0EDC0}.Debug|Any CPU.ActiveCfg = Debug|Any CPU
		{C9320B9C-618F-4759-0D9F-D5D598A0EDC0}.Debug|Any CPU.Build.0 = Debug|Any CPU
		{C9320B9C-618F-4759-0D9F-D5D598A0EDC0}.Release|Any CPU.ActiveCfg = Release|Any CPU
		{C9320B9C-618F-4759-0D9F-D5D598A0EDC0}.Release|Any CPU.Build.0 = Release|Any CPU
		{3618101D-D11A-FB85-C26E-92DCF2960AC2}.Debug|Any CPU.ActiveCfg = Debug|Any CPU
		{3618101D-D11A-FB85-C26E-92DCF2960AC2}.Debug|Any CPU.Build.0 = Debug|Any CPU
		{3618101D-D11A-FB85-C26E-92DCF2960AC2}.Release|Any CPU.ActiveCfg = Release|Any CPU
		{3618101D-D11A-FB85-C26E-92DCF2960AC2}.Release|Any CPU.Build.0 = Release|Any CPU
	EndGlobalSection
	GlobalSection(SolutionProperties) = preSolution
		HideSolutionNode = FALSE
	EndGlobalSection
	GlobalSection(MonoDevelopProperties) = preSolution
		StartupItem = Assembly-CSharp.csproj
	EndGlobalSection
EndGlobal
